{
  "version": "5",
  "specifiers": {
    "npm:@noble/hashes@^1.6.1": "1.8.0",
    "npm:@orpc/client@*": "1.8.0",
    "npm:@orpc/client@^1.8.0": "1.8.0",
    "npm:@orpc/client@latest": "1.8.0",
    "npm:@orpc/contract@latest": "1.8.0",
    "npm:@orpc/openapi@^1.8.0": "1.8.0",
    "npm:@orpc/server@*": "1.8.0",
    "npm:@orpc/server@^1.8.0": "1.8.0",
    "npm:@orpc/server@latest": "1.8.0",
    "npm:@ponder/client@0.12.0": "0.12.0",
    "npm:@t3-oss/env-core@~0.11.1": "0.11.1_zod@3.25.76",
    "npm:abitype@1.0.6": "1.0.6",
    "npm:viem@2.21.21": "2.21.21_ws@8.18.0",
    "npm:zod@^4.0.17": "4.0.17",
    "npm:zod@latest": "4.0.17"
  },
  "npm": {
    "@adraffy/ens-normalize@1.11.0": {
      "integrity": "sha512-/3DDPKHqqIqxUULp8yP4zODUY1i+2xvVWsv8A79xGWdCAG+8sb0hRh0Rk2QyOJUnnbyPUAZYcpBuRe3nS2OIUg=="
    },
    "@noble/curves@1.6.0": {
      "integrity": "sha512-TlaHRXDehJuRNR9TfZDNQ45mMEd5dwUwmicsafcIX4SsNiqnCHKjE/1alYPd/lDRVhxdhUAlv8uEhMCI5zjIJQ==",
      "dependencies": [
        "@noble/hashes@1.5.0"
      ]
    },
    "@noble/hashes@1.5.0": {
      "integrity": "sha512-1j6kQFb7QRru7eKN3ZDvRcP13rugwdxZqCjbiAVZfIJwgj2A65UmT4TgARXGlXgnRkORLTDTrO19ZErt7+QXgA=="
    },
    "@noble/hashes@1.8.0": {
      "integrity": "sha512-jCs9ldd7NwzpgXDIf6P3+NrHh9/sD6CQdxHyjQI+h/6rDNo88ypBxxz45UDuZHz9r3tNz7N/VInSVoVdtXEI4A=="
    },
    "@orpc/client@1.8.0": {
      "integrity": "sha512-SkiAxjOS1rHAUomYRjINfINelk01XoWoswmhByKkPVIebQTEB36BNYbY+z+Y8ZbZkG6dz52OfUCL4ar0lPG9FQ==",
      "dependencies": [
        "@orpc/shared",
        "@orpc/standard-server",
        "@orpc/standard-server-fetch",
        "@orpc/standard-server-peer"
      ]
    },
    "@orpc/contract@1.8.0": {
      "integrity": "sha512-V/PUSLioPFo+V3Z4Ae6ffgdzEhjhopr5Of1lQmoUZ6TqBMyO8gz0dIXgKAbpZenJXprSU87hUQxwH/FBSGJ/SA==",
      "dependencies": [
        "@orpc/client",
        "@orpc/shared",
        "@standard-schema/spec",
        "openapi-types"
      ]
    },
    "@orpc/json-schema-typed@1.8.0": {
      "integrity": "sha512-SuC47byhGrvb1l6ePxlpLuzhff2FnCdY7l57r5Y25rIKBhKnqNX70cBGcWuWFXWgEU0bhgq0CEmkwCKvO0oh5w=="
    },
    "@orpc/openapi-client@1.8.0": {
      "integrity": "sha512-QcEWc4tlb7NgXZehcHPhrnsgKKO7vKBzo8x2JrhBLVCnpRwaFfIvblReF2kiusUMam5dUxh57l2ooBcdOeXalg==",
      "dependencies": [
        "@orpc/client",
        "@orpc/contract",
        "@orpc/shared",
        "@orpc/standard-server"
      ]
    },
    "@orpc/openapi@1.8.0": {
      "integrity": "sha512-zFWqH63ELR1U5dqCPKD/LXknW8h4maWYHWZKxbwAYxeY0Hos00+g0+OdBS3XAxLq576cRyv7pHOCuTJ+tICYgw==",
      "dependencies": [
        "@orpc/client",
        "@orpc/contract",
        "@orpc/json-schema-typed",
        "@orpc/openapi-client",
        "@orpc/server",
        "@orpc/shared",
        "@orpc/standard-server",
        "rou3"
      ]
    },
    "@orpc/server@1.8.0": {
      "integrity": "sha512-UK4VbWVg7lQ67pRTGcn8Pi7ftdVxURaF8wbqg4UwDH30waw8tttUxuWp9iwkcPYi/zO+nPbHcUhLByX2+Z7u7w==",
      "dependencies": [
        "@orpc/client",
        "@orpc/contract",
        "@orpc/shared",
        "@orpc/standard-server",
        "@orpc/standard-server-aws-lambda",
        "@orpc/standard-server-fetch",
        "@orpc/standard-server-node",
        "@orpc/standard-server-peer",
        "cookie"
      ]
    },
    "@orpc/shared@1.8.0": {
      "integrity": "sha512-QG1cjLU5BeNJLFpBeFl1uQm7FyrQaJYIh7Xpq7XuX73XxMTJ0SdF+1xsKInUbgBYEj8toDL7XCjftzu3hFsHIA==",
      "dependencies": [
        "radash",
        "type-fest"
      ]
    },
    "@orpc/standard-server-aws-lambda@1.8.0": {
      "integrity": "sha512-nz9pAYMG9Rlp3XQhY+B9FrRNVnM75h8fgTsF8/p6Odqv9+LgTsA8w7sAE1HVmG52gZa5HnqXmbwf6/i2q4h//w==",
      "dependencies": [
        "@orpc/shared",
        "@orpc/standard-server",
        "@orpc/standard-server-fetch",
        "@orpc/standard-server-node"
      ]
    },
    "@orpc/standard-server-fetch@1.8.0": {
      "integrity": "sha512-/UokxhvjaU3RvT/4t6ExXpp6yADiimIePau5XEVSMiXbkvn5CXIAciM20m+z4rRM90zNuKtsnFPO5hJo/6zCeA==",
      "dependencies": [
        "@orpc/shared",
        "@orpc/standard-server"
      ]
    },
    "@orpc/standard-server-node@1.8.0": {
      "integrity": "sha512-sVIcaw0GYwEH0V4u7jwjD0NCD36rK/ohc6J/QOO0L3LErJFXjMUzBUwgg4sAcksWoMAzJVRf7KyqXtf/9oCW4g==",
      "dependencies": [
        "@orpc/shared",
        "@orpc/standard-server",
        "@orpc/standard-server-fetch"
      ]
    },
    "@orpc/standard-server-peer@1.8.0": {
      "integrity": "sha512-pBkXu20nyphMu0cvWFIr2v+4diLJEnO6f1Fi8CHfo+mcdVL3sVm8ZwAuAohSYju9c78BoJxNFxPO8uzE6Ogl+w==",
      "dependencies": [
        "@orpc/shared",
        "@orpc/standard-server"
      ]
    },
    "@orpc/standard-server@1.8.0": {
      "integrity": "sha512-GSrCKUuE8UgNZwUlOCViM57bkapCSf32Yym7EbuqiToF5RZpgY1wLAHhEw1Dqe6QyQdpYcwC7xd19T1Ay4SH1Q==",
      "dependencies": [
        "@orpc/shared"
      ]
    },
    "@ponder/client@0.12.0": {
      "integrity": "sha512-5F8TZzNeUGaEenuL6HFIb2xymKch+XJSMDy7dUOCDVyWaEAxl/95fjkoqau78flubGdJU4oH9FdYes7bCA7qVA==",
      "dependencies": [
        "drizzle-orm",
        "eventsource",
        "superjson"
      ]
    },
    "@scure/base@1.1.9": {
      "integrity": "sha512-8YKhl8GHiNI/pU2VMaofa2Tor7PJRAjwQLBBuilkJ9L5+13yVbC7JO/wS7piioAvPSwR3JKM1IJ/u4xQzbcXKg=="
    },
    "@scure/bip32@1.5.0": {
      "integrity": "sha512-8EnFYkqEQdnkuGBVpCzKxyIwDCBLDVj3oiX0EKUFre/tOjL/Hqba1D6n/8RcmaQy4f95qQFrO2A8Sr6ybh4NRw==",
      "dependencies": [
        "@noble/curves",
        "@noble/hashes@1.5.0",
        "@scure/base"
      ]
    },
    "@scure/bip39@1.4.0": {
      "integrity": "sha512-BEEm6p8IueV/ZTfQLp/0vhw4NPnT9oWf5+28nvmeUICjP99f4vr2d+qc7AVGDDtwRep6ifR43Yed9ERVmiITzw==",
      "dependencies": [
        "@noble/hashes@1.5.0",
        "@scure/base"
      ]
    },
    "@standard-schema/spec@1.0.0": {
      "integrity": "sha512-m2bOd0f2RT9k8QJx1JN85cZYyH1RqFBdlwtkSlf4tBDYLCiiZnv1fIIwacK6cqwXavOydf0NPToMQgpKq+dVlA=="
    },
    "@t3-oss/env-core@0.11.1_zod@3.25.76": {
      "integrity": "sha512-MaxOwEoG1ntCFoKJsS7nqwgcxLW1SJw238AJwfJeaz3P/8GtkxXZsPPolsz1AdYvUTbe3XvqZ/VCdfjt+3zmKw==",
      "dependencies": [
        "zod@3.25.76"
      ]
    },
    "abitype@1.0.6": {
      "integrity": "sha512-MMSqYh4+C/aVqI2RQaWqbvI4Kxo5cQV40WQ4QFtDnNzCkqChm8MuENhElmynZlO0qUy/ObkEUaXtKqYnx1Kp3A=="
    },
    "cookie@1.0.2": {
      "integrity": "sha512-9Kr/j4O16ISv8zBBhJoi4bXOYNTkFLOqSL3UDB0njXxCXNezjeyVrJyGOWtgfs/q2km1gwBcfH8q1yEGoMYunA=="
    },
    "copy-anything@3.0.5": {
      "integrity": "sha512-yCEafptTtb4bk7GLEQoM8KVJpxAfdBJYaXyzQEgQQQgYrZiDp8SJmGKlYza6CYjEDNstAdNdKA3UuoULlEbS6w==",
      "dependencies": [
        "is-what"
      ]
    },
    "drizzle-orm@0.41.0": {
      "integrity": "sha512-7A4ZxhHk9gdlXmTdPj/lREtP+3u8KvZ4yEN6MYVxBzZGex5Wtdc+CWSbu7btgF6TB0N+MNPrvW7RKBbxJchs/Q=="
    },
    "eventsource-parser@3.0.3": {
      "integrity": "sha512-nVpZkTMM9rF6AQ9gPJpFsNAMt48wIzB5TQgiTLdHiuO8XEDhUgZEhqKlZWXbIzo9VmJ/HvysHqEaVeD5v9TPvA=="
    },
    "eventsource@3.0.7": {
      "integrity": "sha512-CRT1WTyuQoD771GW56XEZFQ/ZoSfWid1alKGDYMmkt2yl8UXrVR4pspqWNEcqKvVIzg6PAltWjxcSSPrboA4iA==",
      "dependencies": [
        "eventsource-parser"
      ]
    },
    "is-what@4.1.16": {
      "integrity": "sha512-ZhMwEosbFJkA0YhFnNDgTM4ZxDRsS6HqTo7qsZM08fehyRYIYa0yHu5R6mgo1n/8MgaPBXiPimPD77baVFYg+A=="
    },
    "isows@1.0.6_ws@8.18.0": {
      "integrity": "sha512-lPHCayd40oW98/I0uvgaHKWCSvkzY27LjWLbtzOm64yQ+G3Q5npjjbdppU65iZXkK1Zt+kH9pfegli0AYfwYYw==",
      "dependencies": [
        "ws"
      ]
    },
    "openapi-types@12.1.3": {
      "integrity": "sha512-N4YtSYJqghVu4iek2ZUvcN/0aqH1kRDuNqzcycDxhOUpg7GdvLa2F3DgS6yBNhInhv2r/6I0Flkn7CqL8+nIcw=="
    },
    "radash@12.1.1": {
      "integrity": "sha512-h36JMxKRqrAxVD8201FrCpyeNuUY9Y5zZwujr20fFO77tpUtGa6EZzfKw/3WaiBX95fq7+MpsuMLNdSnORAwSA=="
    },
    "rou3@0.7.3": {
      "integrity": "sha512-KKenF/hB2iIhS1ohj226LT+/8uKCBpSMqeS4V1UPN9vad99uLoyIhrULRRB1skaB40LQHcBlSsAi3sT8MaoDDQ=="
    },
    "superjson@2.2.2": {
      "integrity": "sha512-5JRxVqC8I8NuOUjzBbvVJAKNM8qoVuH0O77h4WInc/qC2q5IreqKxYwgkga3PfA22OayK2ikceb/B26dztPl+Q==",
      "dependencies": [
        "copy-anything"
      ]
    },
    "type-fest@4.41.0": {
      "integrity": "sha512-TeTSQ6H5YHvpqVwBRcnLDCBnDOHWYu7IvGbHT6N8AOymcr9PJGjc1GTtiWZTYg0NCgYwvnYWEkVChQAr9bjfwA=="
    },
    "viem@2.21.21_ws@8.18.0": {
      "integrity": "sha512-KJPqpAXy8kyZQICx1nURUXqd8aABP9RweAZhfp27MzMPsAAxP450cWPlEffEAUrvsyyj5edVbIcHESE8DYVzFA==",
      "dependencies": [
        "@adraffy/ens-normalize",
        "@noble/curves",
        "@noble/hashes@1.5.0",
        "@scure/bip32",
        "@scure/bip39",
        "abitype",
        "isows",
        "webauthn-p256",
        "ws"
      ]
    },
    "webauthn-p256@0.0.10": {
      "integrity": "sha512-EeYD+gmIT80YkSIDb2iWq0lq2zbHo1CxHlQTeJ+KkCILWpVy3zASH3ByD4bopzfk0uCwXxLqKGLqp2W4O28VFA==",
      "dependencies": [
        "@noble/curves",
        "@noble/hashes@1.5.0"
      ]
    },
    "ws@8.18.0": {
      "integrity": "sha512-8VbfWfHLbbwu3+N6OKsOMpBdT4kXPDDB9cJk2bJ6mh9ucxdlnNvH1e+roYkKmN9Nxw2yjz7VzeO9oOz2zJ04Pw=="
    },
    "zod@3.25.76": {
      "integrity": "sha512-gzUt/qt81nXsFGKIFcC3YnfEAx5NkunCfnDlvuBSSFS02bcXu4Lmea0AFIUwbLWxWPx3d9p8S5QoaujKcNQxcQ=="
    },
    "zod@4.0.17": {
      "integrity": "sha512-1PHjlYRevNxxdy2JZ8JcNAw7rX8V9P1AKkP+x/xZfxB0K5FYfuV+Ug6P/6NVSR2jHQ+FzDDoDHS04nYUsOIyLQ=="
    }
  },
  "remote": {
    "https://deno.land/std@0.210.0/assert/_constants.ts": "8a9da298c26750b28b326b297316cdde860bc237533b07e1337c021379e6b2a9",
    "https://deno.land/std@0.210.0/assert/_diff.ts": "2c9371f17cf08cbb843c924bc31ca77af422ec4fe162f73d42c651d547573fa8",
    "https://deno.land/std@0.210.0/assert/_format.ts": "335ce8e15c65b679ad142dbc9e5e97e5d58602c39dd3c9175cef6c85fe22d6d5",
    "https://deno.land/std@0.210.0/assert/assert.ts": "e265ad50a9341f3b40e51dd4cb41ab253d976943ba78a977106950e52e0302ab",
    "https://deno.land/std@0.210.0/assert/assert_almost_equals.ts": "a70d637856e1c6128dc733346d32aa73c67058489495116ca85091c39a60c767",
    "https://deno.land/std@0.210.0/assert/assert_array_includes.ts": "59d005d8897c1fbcbd5792170833f13a867f6a5ecd5a6b34a3d86b4b430de63c",
    "https://deno.land/std@0.210.0/assert/assert_equals.ts": "991b0c2b437a015d623654f758e48bfd931068211a52e8131b397cdf005c595f",
    "https://deno.land/std@0.210.0/assert/assert_exists.ts": "f24ecb0d3febad358a6cee235f012551077e07692517ebfe0630a561ba40a703",
    "https://deno.land/std@0.210.0/assert/assert_false.ts": "99cf237fe374cabf57072d2fb41b3eaff389029f850fbb96f643c875792f10ce",
    "https://deno.land/std@0.210.0/assert/assert_greater.ts": "e0bba9ac76a780573a864ab6eeb8b9fd71435b750bdd36d56a270e22ab9a79d9",
    "https://deno.land/std@0.210.0/assert/assert_greater_or_equal.ts": "aea1c7dc868926ba55f1e59f8c3560bb44706b5e3b6b009453ee4064eecf6746",
    "https://deno.land/std@0.210.0/assert/assert_instance_of.ts": "7c093d36b1a86666d5a60a8c290c91a51a627153b821a5a4dc40b24cab69f1e7",
    "https://deno.land/std@0.210.0/assert/assert_is_error.ts": "a8a758581661edec514c453910bee2f9c91b1346a515c58404963b130d81cd80",
    "https://deno.land/std@0.210.0/assert/assert_less.ts": "855aa58e49afa6a9e825f1abcd5947dc789c5878fc1b6f48b8a08115d48da32b",
    "https://deno.land/std@0.210.0/assert/assert_less_or_equal.ts": "2ae5246bd0e83da26e5c8e2815d1493252f71f7dc02afb83dc2fc0e0fb0bd894",
    "https://deno.land/std@0.210.0/assert/assert_match.ts": "e541a9769cf5726312ff9e15031e2faa2df3c59fbdc5573c8758b1f4668ccc62",
    "https://deno.land/std@0.210.0/assert/assert_not_equals.ts": "6bce4b28f3316029c0aef107f8390796798835c382d31c1004160baef0b80db0",
    "https://deno.land/std@0.210.0/assert/assert_not_instance_of.ts": "866243fd28bc6665e2ffcc027a9df1d2a69cb644aef1e9b8d1ce34377c6b8a84",
    "https://deno.land/std@0.210.0/assert/assert_not_match.ts": "59707eceb0d2b16d6892fbf92ec86f92fd76fcfc55f8b61508299db7d2972cab",
    "https://deno.land/std@0.210.0/assert/assert_not_strict_equals.ts": "c84b8e229450e8dfc44b9910d602788313ff7333d67d5bd8528371567b6a3632",
    "https://deno.land/std@0.210.0/assert/assert_object_match.ts": "ebeff248d48e5810f787e8742ae4f6b39904f4640edc2f69796596ceb6dbcdf8",
    "https://deno.land/std@0.210.0/assert/assert_rejects.ts": "f7e83272d816e1b39710012a0597ed950db2de6b193adcc5e50ddbcd9e177767",
    "https://deno.land/std@0.210.0/assert/assert_strict_equals.ts": "4007dabef1c2e9d6f1bb0e948ba7ba99ec9b1bee97ba34d67f7c10e7e5d794f7",
    "https://deno.land/std@0.210.0/assert/assert_string_includes.ts": "108a30d9348e5ff7a8b0b7cc836cf0a8cff27d5b33e861b8c56b52cc60b8219a",
    "https://deno.land/std@0.210.0/assert/assert_throws.ts": "a8767e6a06e94bac42ca9eebdad5d4e2decbc0c48bc892da7e06aa1fe0b388ba",
    "https://deno.land/std@0.210.0/assert/assertion_error.ts": "26ed1863d905005f00785c89750c001c3522c5417e4f58f95044b8143cfc1593",
    "https://deno.land/std@0.210.0/assert/equal.ts": "6f81c8a3b12c08bdc3510c8a1293b4db1c083692219d7e3828d2234b448d3d3d",
    "https://deno.land/std@0.210.0/assert/fail.ts": "f56fc64f9a141f98c1be5ff1005ddf158db888b7b206510e955bb3fedc69021c",
    "https://deno.land/std@0.210.0/assert/mod.ts": "37c49a26aae2b254bbe25723434dc28cd7532e444cf0b481a97c045d110ec085",
    "https://deno.land/std@0.210.0/assert/unimplemented.ts": "4e3e504792c87c485dbc5f4020489d8806ef697741403af2008dfa7b5a4711e8",
    "https://deno.land/std@0.210.0/assert/unreachable.ts": "1af8c99421cc5fb7332454b2b9eca074a4e394895a180bc837750dedcca75338",
    "https://deno.land/std@0.210.0/async/_util.ts": "3b64faab50f52d9c0843071f57f372c59fab355072ce51e9aa3019091da5bab5",
    "https://deno.land/std@0.210.0/async/abortable.ts": "7ff93c35f78e22f740c42e2f54e58efa24ec3d1ff2c0baf13e7c12a1824e5b7c",
    "https://deno.land/std@0.210.0/async/deadline.ts": "c79d68093267fbd31783dace04937a2b37f407b4116624dd225be7919c6c45c3",
    "https://deno.land/std@0.210.0/async/debounce.ts": "adab11d04ca38d699444ac8a9d9856b4155e8dda2afd07ce78276c01ea5a4332",
    "https://deno.land/std@0.210.0/async/delay.ts": "d414b6ff5b597a3b8a90b1b860b675062a106ad0e311816256f4696aa40ec1a1",
    "https://deno.land/std@0.210.0/async/mod.ts": "1f90e145999c4763158cae2db5cce4814dfbc3f8fe786b6052fb4ccaffd29127",
    "https://deno.land/std@0.210.0/async/mux_async_iterator.ts": "b8bdb42e36c37d20534430779af90ff2b969e07dcd05374ef33a15574013d603",
    "https://deno.land/std@0.210.0/async/pool.ts": "f1fbe731f57aa7c25d70388dc1189a4d5fbb39450f88f30d326094303e46dc71",
    "https://deno.land/std@0.210.0/async/retry.ts": "decead23add00e14db0c4f33d3e9d79a0b7b3509ce7446ed7e6b4e04c0795608",
    "https://deno.land/std@0.210.0/async/tee.ts": "49c9295a306a5b6ed39ec30bf71a5142297b0310a3fbc51562afb1aeb490ea8e",
    "https://deno.land/std@0.210.0/fmt/colors.ts": "2685c524bef9b16b3059a417daf6860c754eb755e19e812762ef5dff62f24481",
    "https://deno.land/std@0.210.0/fs/_get_file_info_type.ts": "9c92ff74f39bfba66b09faf9901af6a944cc71f014d9649e7d3e32eac4aeddfc",
    "https://deno.land/std@0.210.0/fs/_to_path_string.ts": "d963898a0d277b155eefb5c64202de71ca2f5e1348897a2f56d3bce6347fc3cc",
    "https://deno.land/std@0.210.0/fs/ensure_dir.ts": "f797d9bf39aa2a796923a62b0e10d864998cec396f4712f5c869f3d0d8a6bfd3",
    "https://deno.land/std@0.210.0/fs/ensure_file.ts": "2498a930983c33a51152d4a6a47b161711ba3f2290879cd1f89a9a8e23f2fbc1",
    "https://deno.land/std@0.210.0/path/_common/assert_path.ts": "061e4d093d4ba5aebceb2c4da3318bfe3289e868570e9d3a8e327d91c2958946",
    "https://deno.land/std@0.210.0/path/_common/constants.ts": "e49961f6f4f48039c0dfed3c3f93e963ca3d92791c9d478ac5b43183413136e0",
    "https://deno.land/std@0.210.0/path/_common/dirname.ts": "2ba7fb4cc9fafb0f38028f434179579ce61d4d9e51296fad22b701c3d3cd7397",
    "https://deno.land/std@0.210.0/path/_common/from_file_url.ts": "ef1bf3197d2efbf0297a2bdbf3a61d804b18f2bcce45548ae112313ec5be3c22",
    "https://deno.land/std@0.210.0/path/_common/normalize_string.ts": "88c472f28ae49525f9fe82de8c8816d93442d46a30d6bb5063b07ff8a89ff589",
    "https://deno.land/std@0.210.0/path/_common/strip_trailing_separators.ts": "7ffc7c287e97bdeeee31b155828686967f222cd73f9e5780bfe7dfb1b58c6c65",
    "https://deno.land/std@0.210.0/path/_common/to_file_url.ts": "a8cdd1633bc9175b7eebd3613266d7c0b6ae0fb0cff24120b6092ac31662f9ae",
    "https://deno.land/std@0.210.0/path/_interface.ts": "6471159dfbbc357e03882c2266d21ef9afdb1e4aa771b0545e90db58a0ba314b",
    "https://deno.land/std@0.210.0/path/_os.ts": "30b0c2875f360c9296dbe6b7f2d528f0f9c741cecad2e97f803f5219e91b40a2",
    "https://deno.land/std@0.210.0/path/dirname.ts": "88a0a71c21debafc4da7a4cd44fd32e899462df458fbca152390887d41c40361",
    "https://deno.land/std@0.210.0/path/from_file_url.ts": "e7fa233ea1dff9641e8d566153a24d95010110185a6f418dd2e32320926043f8",
    "https://deno.land/std@0.210.0/path/parse.ts": "d87ff0deef3fb495bc0d862278ff96da5a06acf0625ca27769fc52ac0d3d6ece",
    "https://deno.land/std@0.210.0/path/posix/_util.ts": "ecf49560fedd7dd376c6156cc5565cad97c1abe9824f4417adebc7acc36c93e5",
    "https://deno.land/std@0.210.0/path/posix/dirname.ts": "f48c9c42cc670803b505478b7ef162c7cfa9d8e751b59d278b2ec59470531472",
    "https://deno.land/std@0.210.0/path/posix/from_file_url.ts": "b97287a83e6407ac27bdf3ab621db3fccbf1c27df0a1b1f20e1e1b5acf38a379",
    "https://deno.land/std@0.210.0/path/posix/is_absolute.ts": "159900a3422d11069d48395568217eb7fc105ceda2683d03d9b7c0f0769e01b8",
    "https://deno.land/std@0.210.0/path/posix/parse.ts": "199208f373dd93a792e9c585352bfc73a6293411bed6da6d3bc4f4ef90b04c8e",
    "https://deno.land/std@0.210.0/path/posix/resolve.ts": "51579d83159d5c719518c9ae50812a63959bbcb7561d79acbdb2c3682236e285",
    "https://deno.land/std@0.210.0/path/posix/to_file_url.ts": "ac5499aa0c6e2c266019cba7d1f7e5a92b8e04983cd72be97f81adad185619a6",
    "https://deno.land/std@0.210.0/path/resolve.ts": "5b184efc87155a0af9fa305ff68a109e28de9aee81fc3e77cd01380f19daf867",
    "https://deno.land/std@0.210.0/path/to_file_url.ts": "edaafa089e0bce386e1b2d47afe7c72e379ff93b28a5829a5885e4b6c626d864",
    "https://deno.land/std@0.210.0/path/windows/_util.ts": "f32b9444554c8863b9b4814025c700492a2b57ff2369d015360970a1b1099d54",
    "https://deno.land/std@0.210.0/path/windows/dirname.ts": "5c2aa541384bf0bd9aca821275d2a8690e8238fa846198ef5c7515ce31a01a94",
    "https://deno.land/std@0.210.0/path/windows/from_file_url.ts": "d53335c12b0725893d768be3ac6bf0112cc5b639d2deb0171b35988493b46199",
    "https://deno.land/std@0.210.0/path/windows/is_absolute.ts": "245b56b5f355ede8664bd7f080c910a97e2169972d23075554ae14d73722c53c",
    "https://deno.land/std@0.210.0/path/windows/parse.ts": "120faf778fe1f22056f33ded069b68e12447668fcfa19540c0129561428d3ae5",
    "https://deno.land/std@0.210.0/path/windows/resolve.ts": "5ff441ab18a2346abadf778121128ee71bda4d0898513d4639a6ca04edca366b",
    "https://deno.land/std@0.210.0/path/windows/to_file_url.ts": "8e9ea9e1ff364aa06fa72999204229952d0a279dbb876b7b838b2b2fea55cce3",
    "https://deno.land/std@0.210.0/testing/_test_suite.ts": "30f018feeb3835f12ab198d8a518f9089b1bcb2e8c838a8b615ab10d5005465c",
    "https://deno.land/std@0.210.0/testing/bdd.ts": "c41f019786c4a9112aadb7e5a7bbcc711f58429ac5904b3855fa248ba5fa0ba6",
    "https://deno.land/std@0.210.0/testing/mock.ts": "350211037129efa675592a3d7cdccbca3825000168ebebb3862a70b5af3b2f20",
    "https://deno.land/std@0.210.0/testing/snapshot.ts": "69b333e140d2c6fffbcd345002560f044736296195f59f54dab6e7ebbeab3eaf",
    "https://deno.land/std@0.220.0/assert/_constants.ts": "a271e8ef5a573f1df8e822a6eb9d09df064ad66a4390f21b3e31f820a38e0975",
    "https://deno.land/std@0.220.0/assert/_diff.ts": "4bf42969aa8b1a33aaf23eb8e478b011bfaa31b82d85d2ff4b5c4662d8780d2b",
    "https://deno.land/std@0.220.0/assert/_format.ts": "0ba808961bf678437fb486b56405b6fefad2cf87b5809667c781ddee8c32aff4",
    "https://deno.land/std@0.220.0/assert/assert.ts": "bec068b2fccdd434c138a555b19a2c2393b71dfaada02b7d568a01541e67cdc5",
    "https://deno.land/std@0.220.0/assert/assert_almost_equals.ts": "8b96b7385cc117668b0720115eb6ee73d04c9bcb2f5d2344d674918c9113688f",
    "https://deno.land/std@0.220.0/assert/assert_array_includes.ts": "1688d76317fd45b7e93ef9e2765f112fdf2b7c9821016cdfb380b9445374aed1",
    "https://deno.land/std@0.220.0/assert/assert_equals.ts": "4497c56fe7d2993b0d447926702802fc0becb44e319079e8eca39b482ee01b4e",
    "https://deno.land/std@0.220.0/assert/assert_exists.ts": "24a7bf965e634f909242cd09fbaf38bde6b791128ece08e33ab08586a7cc55c9",
    "https://deno.land/std@0.220.0/assert/assert_false.ts": "6f382568e5128c0f855e5f7dbda8624c1ed9af4fcc33ef4a9afeeedcdce99769",
    "https://deno.land/std@0.220.0/assert/assert_greater.ts": "4945cf5729f1a38874d7e589e0fe5cc5cd5abe5573ca2ddca9d3791aa891856c",
    "https://deno.land/std@0.220.0/assert/assert_greater_or_equal.ts": "573ed8823283b8d94b7443eb69a849a3c369a8eb9666b2d1db50c33763a5d219",
    "https://deno.land/std@0.220.0/assert/assert_instance_of.ts": "72dc1faff1e248692d873c89382fa1579dd7b53b56d52f37f9874a75b11ba444",
    "https://deno.land/std@0.220.0/assert/assert_is_error.ts": "6596f2b5ba89ba2fe9b074f75e9318cda97a2381e59d476812e30077fbdb6ed2",
    "https://deno.land/std@0.220.0/assert/assert_less.ts": "2b4b3fe7910f65f7be52212f19c3977ecb8ba5b2d6d0a296c83cde42920bb005",
    "https://deno.land/std@0.220.0/assert/assert_less_or_equal.ts": "b93d212fe669fbde959e35b3437ac9a4468f2e6b77377e7b6ea2cfdd825d38a0",
    "https://deno.land/std@0.220.0/assert/assert_match.ts": "ec2d9680ed3e7b9746ec57ec923a17eef6d476202f339ad91d22277d7f1d16e1",
    "https://deno.land/std@0.220.0/assert/assert_not_equals.ts": "ac86413ab70ffb14fdfc41740ba579a983fe355ba0ce4a9ab685e6b8e7f6a250",
    "https://deno.land/std@0.220.0/assert/assert_not_instance_of.ts": "8f720d92d83775c40b2542a8d76c60c2d4aeddaf8713c8d11df8984af2604931",
    "https://deno.land/std@0.220.0/assert/assert_not_match.ts": "b4b7c77f146963e2b673c1ce4846473703409eb93f5ab0eb60f6e6f8aeffe39f",
    "https://deno.land/std@0.220.0/assert/assert_not_strict_equals.ts": "da0b8ab60a45d5a9371088378e5313f624799470c3b54c76e8b8abeec40a77be",
    "https://deno.land/std@0.220.0/assert/assert_object_match.ts": "e85e5eef62a56ce364c3afdd27978ccab979288a3e772e6855c270a7b118fa49",
    "https://deno.land/std@0.220.0/assert/assert_rejects.ts": "5206ac37d883797d9504e3915a0c7b692df6efcdefff3889cc14bb5a325641dd",
    "https://deno.land/std@0.220.0/assert/assert_strict_equals.ts": "0425a98f70badccb151644c902384c12771a93e65f8ff610244b8147b03a2366",
    "https://deno.land/std@0.220.0/assert/assert_string_includes.ts": "dfb072a890167146f8e5bdd6fde887ce4657098e9f71f12716ef37f35fb6f4a7",
    "https://deno.land/std@0.220.0/assert/assert_throws.ts": "31f3c061338aec2c2c33731973d58ccd4f14e42f355501541409ee958d2eb8e5",
    "https://deno.land/std@0.220.0/assert/assertion_error.ts": "9f689a101ee586c4ce92f52fa7ddd362e86434ffdf1f848e45987dc7689976b8",
    "https://deno.land/std@0.220.0/assert/equal.ts": "fae5e8a52a11d3ac694bbe1a53e13a7969e3f60791262312e91a3e741ae519e2",
    "https://deno.land/std@0.220.0/assert/fail.ts": "f310e51992bac8e54f5fd8e44d098638434b2edb802383690e0d7a9be1979f1c",
    "https://deno.land/std@0.220.0/assert/mod.ts": "7e41449e77a31fef91534379716971bebcfc12686e143d38ada5438e04d4a90e",
    "https://deno.land/std@0.220.0/assert/unimplemented.ts": "47ca67d1c6dc53abd0bd729b71a31e0825fc452dbcd4fde4ca06789d5644e7fd",
    "https://deno.land/std@0.220.0/assert/unreachable.ts": "3670816a4ab3214349acb6730e3e6f5299021234657eefe05b48092f3848c270",
    "https://deno.land/std@0.220.0/async/delay.ts": "8e1d18fe8b28ff95885e2bc54eccec1713f57f756053576d8228e6ca110793ad",
    "https://deno.land/std@0.220.0/data_structures/_binary_search_node.ts": "ce1da11601fef0638df4d1e53c377f791f96913383277389286b390685d76c07",
    "https://deno.land/std@0.220.0/data_structures/_red_black_node.ts": "4af8d3c5ac5f119d8058269259c46ea22ead567246cacde04584a83e43a9d2ea",
    "https://deno.land/std@0.220.0/data_structures/binary_search_tree.ts": "2dd43d97ce5f5a4bdba11b075eb458db33e9143f50997b0eebf02912cb44f5d5",
    "https://deno.land/std@0.220.0/data_structures/comparators.ts": "74e64752f005f03614d9bd4912ea64c58d2e663b5d8c9dba6e2e2997260f51eb",
    "https://deno.land/std@0.220.0/data_structures/red_black_tree.ts": "2222be0c46842fc932e2c8589a66dced9e6eae180914807c5c55d1aa4c8c1b9b",
    "https://deno.land/std@0.220.0/fmt/colors.ts": "d239d84620b921ea520125d778947881f62c50e78deef2657073840b8af9559a",
    "https://deno.land/std@0.220.0/testing/_test_suite.ts": "f10a8a6338b60c403f07a76f3f46bdc9f1e1a820c0a1decddeb2949f7a8a0546",
    "https://deno.land/std@0.220.0/testing/_time.ts": "fefd1ff35b50a410db9b0e7227e05163e1b172c88afd0d2071df0125958c3ff3",
    "https://deno.land/std@0.220.0/testing/bdd.ts": "7a8ac58eded80e6fefa7cf7538927e88781cf5f247c04b35261c3213316e2dd0",
    "https://deno.land/std@0.220.0/testing/mock.ts": "a963181c2860b6ba3eb60e08b62c164d33cf5da7cd445893499b2efda20074db",
    "https://deno.land/std@0.220.0/testing/time.ts": "0d25e0f15eded2d66c9ed37d16c3188b16cc1aefa58be4a4753afb7750e72cb0"
  },
  "workspace": {
    "dependencies": [
      "npm:@noble/hashes@^1.6.1",
      "npm:@orpc/client@^1.8.0",
      "npm:@orpc/openapi@^1.8.0",
      "npm:@orpc/server@^1.8.0",
      "npm:@ponder/client@0.12.0",
      "npm:@t3-oss/env-core@~0.11.1",
      "npm:abitype@1.0.6",
      "npm:viem@2.21.21",
      "npm:zod@^4.0.17"
    ]
  }
}
